
Microsoft Visual Studio Solution File, Format Version 12.00
# Visual Studio Version 17
VisualStudioVersion = 17.4.33122.133
MinimumVisualStudioVersion = 10.0.40219.1
Project("{FAE04EC0-301F-11D3-BF4B-00C04F79EFBC}") = "Delegate", "Delegate.csproj", "{38E9B267-697C-4C08-8E42-5FC4C122235E}"
EndProject
Global
	GlobalSection(SolutionConfigurationPlatforms) = preSolution
		Debug|Any CPU = Debug|Any CPU
		Release|Any CPU = Release|Any CPU
	EndGlobalSection
	GlobalSection(ProjectConfigurationPlatforms) = postSolution
		{38E9B267-697C-4C08-8E42-5FC4C122235E}.Debug|Any CPU.ActiveCfg = Debug|Any CPU
		{38E9B267-697C-4C08-8E42-5FC4C122235E}.Debug|Any CPU.Build.0 = Debug|Any CPU
		{38E9B267-697C-4C08-8E42-5FC4C122235E}.Release|Any CPU.ActiveCfg = Release|Any CPU
		{38E9B267-697C-4C08-8E42-5FC4C122235E}.Release|Any CPU.Build.0 = Release|Any CPU
	EndGlobalSection
	GlobalSection(SolutionProperties) = preSolution
		HideSolutionNode = FALSE
	EndGlobalSection
	GlobalSection(ExtensibilityGlobals) = postSolution
		SolutionGuid = {BF3A7ABC-AE2E-4891-BE73-155F26A3796A}
	EndGlobalSection
EndGlobal
