
Microsoft Visual Studio Solution File, Format Version 12.00
# Visual Studio Version 17
VisualStudioVersion = 17.4.33122.133
MinimumVisualStudioVersion = 10.0.40219.1
Project("{FAE04EC0-301F-11D3-BF4B-00C04F79EFBC}") = "suanfa2", "suanfa2.csproj", "{A189A35B-071D-4CC7-96FE-7642D67AB4B0}"
EndProject
Global
	GlobalSection(SolutionConfigurationPlatforms) = preSolution
		Debug|Any CPU = Debug|Any CPU
		Release|Any CPU = Release|Any CPU
	EndGlobalSection
	GlobalSection(ProjectConfigurationPlatforms) = postSolution
		{A189A35B-071D-4CC7-96FE-7642D67AB4B0}.Debug|Any CPU.ActiveCfg = Debug|Any CPU
		{A189A35B-071D-4CC7-96FE-7642D67AB4B0}.Debug|Any CPU.Build.0 = Debug|Any CPU
		{A189A35B-071D-4CC7-96FE-7642D67AB4B0}.Release|Any CPU.ActiveCfg = Release|Any CPU
		{A189A35B-071D-4CC7-96FE-7642D67AB4B0}.Release|Any CPU.Build.0 = Release|Any CPU
	EndGlobalSection
	GlobalSection(SolutionProperties) = preSolution
		HideSolutionNode = FALSE
	EndGlobalSection
	GlobalSection(ExtensibilityGlobals) = postSolution
		SolutionGuid = {4A8A6052-7A06-45DC-BB84-A24CE022E6D4}
	EndGlobalSection
EndGlobal
