
Microsoft Visual Studio Solution File, Format Version 12.00
# Visual Studio Version 17
VisualStudioVersion = 17.4.33122.133
MinimumVisualStudioVersion = 10.0.40219.1
Project("{FAE04EC0-301F-11D3-BF4B-00C04F79EFBC}") = "Unsafe1", "Unsafe1.csproj", "{DEB65942-BB1F-46C3-8D5C-3313D6375CB7}"
EndProject
Global
	GlobalSection(SolutionConfigurationPlatforms) = preSolution
		Debug|Any CPU = Debug|Any CPU
		Release|Any CPU = Release|Any CPU
	EndGlobalSection
	GlobalSection(ProjectConfigurationPlatforms) = postSolution
		{DEB65942-BB1F-46C3-8D5C-3313D6375CB7}.Debug|Any CPU.ActiveCfg = Debug|Any CPU
		{DEB65942-BB1F-46C3-8D5C-3313D6375CB7}.Debug|Any CPU.Build.0 = Debug|Any CPU
		{DEB65942-BB1F-46C3-8D5C-3313D6375CB7}.Release|Any CPU.ActiveCfg = Release|Any CPU
		{DEB65942-BB1F-46C3-8D5C-3313D6375CB7}.Release|Any CPU.Build.0 = Release|Any CPU
	EndGlobalSection
	GlobalSection(SolutionProperties) = preSolution
		HideSolutionNode = FALSE
	EndGlobalSection
	GlobalSection(ExtensibilityGlobals) = postSolution
		SolutionGuid = {8888F777-6ECE-4166-A31D-6F1874C9BF60}
	EndGlobalSection
EndGlobal
