
Microsoft Visual Studio Solution File, Format Version 12.00
# Visual Studio Version 17
VisualStudioVersion = 17.4.33122.133
MinimumVisualStudioVersion = 10.0.40219.1
Project("{FAE04EC0-301F-11D3-BF4B-00C04F79EFBC}") = "Indexer", "Indexer.csproj", "{8FA3DB26-C678-45BB-ADB6-0D5870FAAB77}"
EndProject
Global
	GlobalSection(SolutionConfigurationPlatforms) = preSolution
		Debug|Any CPU = Debug|Any CPU
		Release|Any CPU = Release|Any CPU
	EndGlobalSection
	GlobalSection(ProjectConfigurationPlatforms) = postSolution
		{8FA3DB26-C678-45BB-ADB6-0D5870FAAB77}.Debug|Any CPU.ActiveCfg = Debug|Any CPU
		{8FA3DB26-C678-45BB-ADB6-0D5870FAAB77}.Debug|Any CPU.Build.0 = Debug|Any CPU
		{8FA3DB26-C678-45BB-ADB6-0D5870FAAB77}.Release|Any CPU.ActiveCfg = Release|Any CPU
		{8FA3DB26-C678-45BB-ADB6-0D5870FAAB77}.Release|Any CPU.Build.0 = Release|Any CPU
	EndGlobalSection
	GlobalSection(SolutionProperties) = preSolution
		HideSolutionNode = FALSE
	EndGlobalSection
	GlobalSection(ExtensibilityGlobals) = postSolution
		SolutionGuid = {901833C9-F794-4896-B603-61B512CCB519}
	EndGlobalSection
EndGlobal
