
Microsoft Visual Studio Solution File, Format Version 12.00
# Visual Studio Version 17
VisualStudioVersion = 17.4.33122.133
MinimumVisualStudioVersion = 10.0.40219.1
Project("{FAE04EC0-301F-11D3-BF4B-00C04F79EFBC}") = "OperatorsAppl", "OperatorsAppl.csproj", "{482C9655-CF37-4BB9-AE90-62C6946B3A33}"
EndProject
Global
	GlobalSection(SolutionConfigurationPlatforms) = preSolution
		Debug|Any CPU = Debug|Any CPU
		Release|Any CPU = Release|Any CPU
	EndGlobalSection
	GlobalSection(ProjectConfigurationPlatforms) = postSolution
		{482C9655-CF37-4BB9-AE90-62C6946B3A33}.Debug|Any CPU.ActiveCfg = Debug|Any CPU
		{482C9655-CF37-4BB9-AE90-62C6946B3A33}.Debug|Any CPU.Build.0 = Debug|Any CPU
		{482C9655-CF37-4BB9-AE90-62C6946B3A33}.Release|Any CPU.ActiveCfg = Release|Any CPU
		{482C9655-CF37-4BB9-AE90-62C6946B3A33}.Release|Any CPU.Build.0 = Release|Any CPU
	EndGlobalSection
	GlobalSection(SolutionProperties) = preSolution
		HideSolutionNode = FALSE
	EndGlobalSection
	GlobalSection(ExtensibilityGlobals) = postSolution
		SolutionGuid = {DA7FA9EC-B382-4EAE-8820-46B07305AC56}
	EndGlobalSection
EndGlobal
