
Microsoft Visual Studio Solution File, Format Version 12.00
# Visual Studio Version 17
VisualStudioVersion = 17.4.33122.133
MinimumVisualStudioVersion = 10.0.40219.1
Project("{FAE04EC0-301F-11D3-BF4B-00C04F79EFBC}") = "Delegate2", "Delegate2.csproj", "{AB2C15F2-4C51-413A-B5D7-6FF46EA89087}"
EndProject
Global
	GlobalSection(SolutionConfigurationPlatforms) = preSolution
		Debug|Any CPU = Debug|Any CPU
		Release|Any CPU = Release|Any CPU
	EndGlobalSection
	GlobalSection(ProjectConfigurationPlatforms) = postSolution
		{AB2C15F2-4C51-413A-B5D7-6FF46EA89087}.Debug|Any CPU.ActiveCfg = Debug|Any CPU
		{AB2C15F2-4C51-413A-B5D7-6FF46EA89087}.Debug|Any CPU.Build.0 = Debug|Any CPU
		{AB2C15F2-4C51-413A-B5D7-6FF46EA89087}.Release|Any CPU.ActiveCfg = Release|Any CPU
		{AB2C15F2-4C51-413A-B5D7-6FF46EA89087}.Release|Any CPU.Build.0 = Release|Any CPU
	EndGlobalSection
	GlobalSection(SolutionProperties) = preSolution
		HideSolutionNode = FALSE
	EndGlobalSection
	GlobalSection(ExtensibilityGlobals) = postSolution
		SolutionGuid = {46134D5E-AAF1-466A-8ED4-F87A9E059233}
	EndGlobalSection
EndGlobal
