
Microsoft Visual Studio Solution File, Format Version 12.00
# Visual Studio Version 17
VisualStudioVersion = 17.4.33122.133
MinimumVisualStudioVersion = 10.0.40219.1
Project("{FAE04EC0-301F-11D3-BF4B-00C04F79EFBC}") = "Delegate1", "Delegate1.csproj", "{62566026-1A3C-4218-A75C-E71FFB0B1ABC}"
EndProject
Global
	GlobalSection(SolutionConfigurationPlatforms) = preSolution
		Debug|Any CPU = Debug|Any CPU
		Release|Any CPU = Release|Any CPU
	EndGlobalSection
	GlobalSection(ProjectConfigurationPlatforms) = postSolution
		{62566026-1A3C-4218-A75C-E71FFB0B1ABC}.Debug|Any CPU.ActiveCfg = Debug|Any CPU
		{62566026-1A3C-4218-A75C-E71FFB0B1ABC}.Debug|Any CPU.Build.0 = Debug|Any CPU
		{62566026-1A3C-4218-A75C-E71FFB0B1ABC}.Release|Any CPU.ActiveCfg = Release|Any CPU
		{62566026-1A3C-4218-A75C-E71FFB0B1ABC}.Release|Any CPU.Build.0 = Release|Any CPU
	EndGlobalSection
	GlobalSection(SolutionProperties) = preSolution
		HideSolutionNode = FALSE
	EndGlobalSection
	GlobalSection(ExtensibilityGlobals) = postSolution
		SolutionGuid = {3E94BFF4-7523-4A30-9E59-F3CF48305673}
	EndGlobalSection
EndGlobal
